
Microsoft Visual Studio Solution File, Format Version 12.00
# Visual Studio Version 17
VisualStudioVersion = 17.3.32819.101
MinimumVisualStudioVersion = 10.0.40219.1
Project("{FAE04EC0-301F-11D3-BF4B-00C04F79EFBC}") = "FSM", "FSM\FSM.csproj", "{040F1BD2-9666-435F-969F-A5893C42ABD0}"
EndProject
Global
	GlobalSection(SolutionConfigurationPlatforms) = preSolution
		Debug|Any CPU = Debug|Any CPU
		Release|Any CPU = Release|Any CPU
	EndGlobalSection
	GlobalSection(ProjectConfigurationPlatforms) = postSolution
		{040F1BD2-9666-435F-969F-A5893C42ABD0}.Debug|Any CPU.ActiveCfg = Debug|Any CPU
		{040F1BD2-9666-435F-969F-A5893C42ABD0}.Debug|Any CPU.Build.0 = Debug|Any CPU
		{040F1BD2-9666-435F-969F-A5893C42ABD0}.Release|Any CPU.ActiveCfg = Release|Any CPU
		{040F1BD2-9666-435F-969F-A5893C42ABD0}.Release|Any CPU.Build.0 = Release|Any CPU
	EndGlobalSection
	GlobalSection(SolutionProperties) = preSolution
		HideSolutionNode = FALSE
	EndGlobalSection
	GlobalSection(ExtensibilityGlobals) = postSolution
		SolutionGuid = {5C808F40-CFBC-43D3-875C-72CF75E06510}
	EndGlobalSection
EndGlobal
